
Microsoft Visual Studio Solution File, Format Version 12.00
Project("{FAE04EC0-301F-11D3-BF4B-00C04F79EFBC}") = "Accumulate", "csharp\accumulate\Accumulate.csproj", "{ACE65540-27C4-4125-98B7-DC859E74C45B}"
EndProject
Project("{FAE04EC0-301F-11D3-BF4B-00C04F79EFBC}") = "Bob", "csharp\bob\Bob.csproj", "{60A30782-6C8D-46E0-A7D7-F64BB45929DC}"
EndProject
Project("{FAE04EC0-301F-11D3-BF4B-00C04F79EFBC}") = "BookStore", "csharp\book-store\BookStore.csproj", "{7A3ACA81-7D2F-495E-AED8-DFEA8049EADA}"
EndProject
Project("{FAE04EC0-301F-11D3-BF4B-00C04F79EFBC}") = "Clock", "csharp\clock\Clock.csproj", "{70606DDE-02E0-4EC4-B40B-8822688DD7C5}"
EndProject
Project("{FAE04EC0-301F-11D3-BF4B-00C04F79EFBC}") = "ComplexNumbers", "csharp\complex-numbers\ComplexNumbers.csproj", "{8F8A738D-7928-4501-B5F7-08BB07E301F6}"
EndProject
Project("{FAE04EC0-301F-11D3-BF4B-00C04F79EFBC}") = "GradeSchool", "csharp\grade-school\GradeSchool.csproj", "{67AEF146-2602-474C-8851-11499C1F470F}"
EndProject
Project("{FAE04EC0-301F-11D3-BF4B-00C04F79EFBC}") = "HelloWorld", "csharp\hello-world\HelloWorld.csproj", "{6459A30F-9225-433D-96B2-76E491D0327F}"
EndProject
Project("{FAE04EC0-301F-11D3-BF4B-00C04F79EFBC}") = "KindergartenGarden", "csharp\kindergarten-garden\KindergartenGarden.csproj", "{BDFCD50C-A432-4DAD-BFF7-71B2F752DE9D}"
EndProject
Project("{FAE04EC0-301F-11D3-BF4B-00C04F79EFBC}") = "Leap", "csharp\leap\Leap.csproj", "{4040FF91-C1F5-42EC-AE3E-A03F32378AF7}"
EndProject
Project("{FAE04EC0-301F-11D3-BF4B-00C04F79EFBC}") = "Markdown", "csharp\markdown\Markdown.csproj", "{142175F2-1A50-4092-A42B-9362275D4F83}"
EndProject
Project("{FAE04EC0-301F-11D3-BF4B-00C04F79EFBC}") = "NucleotideCount", "csharp\nucleotide-count\NucleotideCount.csproj", "{F2AE88BB-A179-4D08-81C1-7C5608D60991}"
EndProject
Project("{FAE04EC0-301F-11D3-BF4B-00C04F79EFBC}") = "Raindrops", "csharp\raindrops\Raindrops.csproj", "{E1738E1B-5DC8-406D-845B-0B15A1ABDE66}"
EndProject
Project("{FAE04EC0-301F-11D3-BF4B-00C04F79EFBC}") = "ReverseString", "csharp\reverse-string\ReverseString.csproj", "{339CFF04-4BD2-475A-A018-1C15AF150E9A}"
EndProject
Project("{FAE04EC0-301F-11D3-BF4B-00C04F79EFBC}") = "RnaTranscription", "csharp\rna-transcription\RnaTranscription.csproj", "{C92BAB7C-A99B-4647-BD25-FB2C9A4B9DAE}"
EndProject
Project("{FAE04EC0-301F-11D3-BF4B-00C04F79EFBC}") = "SaddlePoints", "csharp\saddle-points\SaddlePoints.csproj", "{E82CF76E-D3BF-47A4-B2F5-CE2AEBF3BF4F}"
EndProject
Project("{FAE04EC0-301F-11D3-BF4B-00C04F79EFBC}") = "SumOfMultiples", "csharp\sum-of-multiples\SumOfMultiples.csproj", "{87D30C2B-6425-48AE-BC6F-18835676A532}"
EndProject
Project("{FAE04EC0-301F-11D3-BF4B-00C04F79EFBC}") = "ZebraPuzzle", "csharp\zebra-puzzle\ZebraPuzzle.csproj", "{00A3E201-9E51-4B88-9772-FB5366408912}"
EndProject
Project("{FAE04EC0-301F-11D3-BF4B-00C04F79EFBC}") = "Allergies", "csharp\allergies\Allergies.csproj", "{63D67CF2-EFBB-4B12-ABA8-A5385B1619E7}"
EndProject
Project("{FAE04EC0-301F-11D3-BF4B-00C04F79EFBC}") = "Hamming", "csharp\hamming\Hamming.csproj", "{D1A2DC83-6B0F-4454-9DA7-933772EE7C7B}"
EndProject
Project("{FAE04EC0-301F-11D3-BF4B-00C04F79EFBC}") = "ArmstrongNumbers", "csharp\armstrong-numbers\ArmstrongNumbers.csproj", "{B9ADF5B6-EC0C-4119-9938-A19C33FBE8ED}"
EndProject
Project("{FAE04EC0-301F-11D3-BF4B-00C04F79EFBC}") = "RobotName", "csharp\robot-name\RobotName.csproj", "{3A35E573-2DF0-48F6-956C-6F6CBB8EA4B2}"
EndProject
Project("{FAE04EC0-301F-11D3-BF4B-00C04F79EFBC}") = "BeerSong", "csharp\beer-song\BeerSong.csproj", "{55B40836-FE83-473E-A073-24999A92C81E}"
EndProject
Project("{FAE04EC0-301F-11D3-BF4B-00C04F79EFBC}") = "SecretHandshake", "csharp\secret-handshake\SecretHandshake.csproj", "{DA4F4271-3A97-45E5-93EB-E86C61AECAF8}"
EndProject
Project("{FAE04EC0-301F-11D3-BF4B-00C04F79EFBC}") = "SimpleLinkedList", "csharp\simple-linked-list\SimpleLinkedList.csproj", "{F6474E6E-51EB-43D2-A1AE-938E52791B33}"
EndProject
Project("{FAE04EC0-301F-11D3-BF4B-00C04F79EFBC}") = "Etl", "csharp\etl\Etl.csproj", "{459DFEAD-9D8F-4ABA-A8FD-E137D4E10777}"
EndProject
Project("{FAE04EC0-301F-11D3-BF4B-00C04F79EFBC}") = "ScrabbleScore", "csharp\scrabble-score\ScrabbleScore.csproj", "{94FE3D89-CF0F-4C0F-8337-DC76E4958892}"
EndProject
Project("{FAE04EC0-301F-11D3-BF4B-00C04F79EFBC}") = "Grains", "csharp\grains\Grains.csproj", "{AE7451FA-5665-4081-91C0-96EA11781093}"
EndProject
Project("{FAE04EC0-301F-11D3-BF4B-00C04F79EFBC}") = "Pangram", "csharp\pangram\Pangram.csproj", "{907915D5-9842-419A-82FD-169BFA390F23}"
EndProject
Project("{FAE04EC0-301F-11D3-BF4B-00C04F79EFBC}") = "BinarySearch", "csharp\binary-search\BinarySearch.csproj", "{5850BD52-A3CD-4B30-A037-18C44E801069}"
EndProject
Project("{FAE04EC0-301F-11D3-BF4B-00C04F79EFBC}") = "TwoFer", "csharp\two-fer\TwoFer.csproj", "{486E16AD-87AB-4E8D-A8E1-D9610CA53E5C}"
EndProject
Project("{FAE04EC0-301F-11D3-BF4B-00C04F79EFBC}") = "Gigasecond", "csharp\gigasecond\Gigasecond.csproj", "{14310622-F1D0-4F44-9C74-CD64579696A2}"
EndProject
Project("{FAE04EC0-301F-11D3-BF4B-00C04F79EFBC}") = "ResistorColor", "csharp\resistor-color\ResistorColor.csproj", "{2E6F07C8-A230-4FAB-9688-E97A21208FFA}"
EndProject
Project("{FAE04EC0-301F-11D3-BF4B-00C04F79EFBC}") = "SpaceAge", "csharp\space-age\SpaceAge.csproj", "{0122C54B-EF2A-4F87-9F10-3EFE36916595}"
EndProject
Project("{2150E333-8FDC-42A3-9474-1A3956D46DE8}") = "Gneral", "Gneral", "{44301C47-3121-47F7-AE0A-B15C0242FD34}"
EndProject
Project("{FAE04EC0-301F-11D3-BF4B-00C04F79EFBC}") = "HighScores", "csharp\high-scores\HighScores.csproj", "{C11B62D7-20CE-49D5-8924-7CCDA3F5A424}"
EndProject
Project("{FAE04EC0-301F-11D3-BF4B-00C04F79EFBC}") = "RationalNumbers", "csharp\rational-numbers\RationalNumbers.csproj", "{F9011E45-3526-48AC-95C8-859C03CB2772}"
EndProject
Project("{FAE04EC0-301F-11D3-BF4B-00C04F79EFBC}") = "RotationalCipher", "csharp\rotational-cipher\RotationalCipher.csproj", "{41CDE21A-51D8-4F26-8CDB-D0EF1A7CCA9F}"
EndProject
Project("{FAE04EC0-301F-11D3-BF4B-00C04F79EFBC}") = "CircularBuffer", "csharp\circular-buffer\CircularBuffer.csproj", "{246D8B73-77A5-4F0F-9A29-DDD285956D45}"
EndProject
Project("{FAE04EC0-301F-11D3-BF4B-00C04F79EFBC}") = "Isogram", "csharp\isogram\Isogram.csproj", "{9C95BCFE-D35D-48B9-BA98-183ABF1ED2DB}"
EndProject
Project("{FAE04EC0-301F-11D3-BF4B-00C04F79EFBC}") = "BracketPush", "csharp\bracket-push\BracketPush.csproj", "{CDAEB62C-30F7-4665-8898-0E9CE64A7030}"
EndProject
Project("{FAE04EC0-301F-11D3-BF4B-00C04F79EFBC}") = "Acronym", "csharp\acronym\Acronym.csproj", "{39AC67E8-A0E2-4881-A692-55E66E936920}"
EndProject
Project("{FAE04EC0-301F-11D3-BF4B-00C04F79EFBC}") = "Tournament", "csharp\tournament\Tournament.csproj", "{6AD4EE07-58EE-4384-BF81-3E8344B8BE3F}"
EndProject
Project("{FAE04EC0-301F-11D3-BF4B-00C04F79EFBC}") = "VariableLengthQuantity", "csharp\variable-length-quantity\VariableLengthQuantity.csproj", "{4C081673-2130-4754-AB07-4F216C1C1C9E}"
EndProject
Project("{FAE04EC0-301F-11D3-BF4B-00C04F79EFBC}") = "Connect", "csharp\connect\Connect.csproj", "{9561DC30-211D-4DA4-9DDF-3AFC88C273C6}"
EndProject
Project("{FAE04EC0-301F-11D3-BF4B-00C04F79EFBC}") = "SpiralMatrix", "csharp\spiral-matrix\SpiralMatrix.csproj", "{04782497-D7E1-446D-BA72-8F618879538B}"
EndProject
Project("{FAE04EC0-301F-11D3-BF4B-00C04F79EFBC}") = "Dominoes", "csharp\dominoes\Dominoes.csproj", "{62C62EE1-AEBE-463C-9F9B-98C6857D183B}"
EndProject
Project("{FAE04EC0-301F-11D3-BF4B-00C04F79EFBC}") = "SimpleCipher", "csharp\simple-cipher\SimpleCipher.csproj", "{188278E5-47F9-4F23-9FFD-BCFA78621DB1}"
EndProject
Project("{FAE04EC0-301F-11D3-BF4B-00C04F79EFBC}") = "CollatzConjecture", "csharp\collatz-conjecture\CollatzConjecture.csproj", "{1DEAA812-892E-48C2-B35E-E3DDDB4F818C}"
EndProject
Project("{FAE04EC0-301F-11D3-BF4B-00C04F79EFBC}") = "BankAccount", "csharp\bank-account\BankAccount.csproj", "{B4359930-D7F8-45DF-A242-35224B0C63C8}"
EndProject
Project("{FAE04EC0-301F-11D3-BF4B-00C04F79EFBC}") = "PerfectNumbers", "csharp\perfect-numbers\PerfectNumbers.csproj", "{FD93B413-53E7-46CC-9C69-7957E2E6813A}"
EndProject
Project("{FAE04EC0-301F-11D3-BF4B-00C04F79EFBC}") = "DndCharacter", "csharp\dnd-character\DndCharacter.csproj", "{490A85A9-2E50-4BE7-B9C9-5D639F601356}"
EndProject
Project("{FAE04EC0-301F-11D3-BF4B-00C04F79EFBC}") = "Forth", "csharp\forth\Forth.csproj", "{2EA8771D-A79F-46FD-AB49-B83E1E16E8B9}"
EndProject
Project("{FAE04EC0-301F-11D3-BF4B-00C04F79EFBC}") = "PhoneNumber", "csharp\phone-number\PhoneNumber.csproj", "{19C99ED1-681D-42EB-8CEF-F34B43814DC6}"
EndProject
Project("{FAE04EC0-301F-11D3-BF4B-00C04F79EFBC}") = "LinkedList", "csharp\linked-list\LinkedList.csproj", "{FA9B7871-3845-46BB-A395-AB41A8A33DC6}"
EndProject
Project("{FAE04EC0-301F-11D3-BF4B-00C04F79EFBC}") = "DifferenceOfSquares", "csharp\difference-of-squares\DifferenceOfSquares.csproj", "{C54D0E97-8A12-4A15-AB25-8E94D8EB0ED0}"
EndProject
Project("{FAE04EC0-301F-11D3-BF4B-00C04F79EFBC}") = "Meetup", "csharp\meetup\Meetup.csproj", "{771E877C-5A68-49D8-B599-2E58F1967A65}"
EndProject
Project("{FAE04EC0-301F-11D3-BF4B-00C04F79EFBC}") = "Series", "csharp\series\Series.csproj", "{06CAA732-8108-4C61-852B-AE7EA0B3C00F}"
EndProject
Project("{FAE04EC0-301F-11D3-BF4B-00C04F79EFBC}") = "PythagoreanTriplet", "csharp\pythagorean-triplet\PythagoreanTriplet.csproj", "{6AFCC969-8AA8-4C8C-9D42-6BE41D54998E}"
EndProject
Project("{FAE04EC0-301F-11D3-BF4B-00C04F79EFBC}") = "LargestSeriesProduct", "csharp\largest-series-product\LargestSeriesProduct.csproj", "{039A7E36-0BF7-452B-99CE-DC7B7264DCA3}"
EndProject
Project("{FAE04EC0-301F-11D3-BF4B-00C04F79EFBC}") = "ParallelLetterFrequency", "csharp\parallel-letter-frequency\ParallelLetterFrequency.csproj", "{022F8F80-312F-49DD-9327-2BAFB1B11152}"
EndProject
Project("{FAE04EC0-301F-11D3-BF4B-00C04F79EFBC}") = "PascalsTriangle", "csharp\pascals-triangle\PascalsTriangle.csproj", "{AB9D0199-CD94-4A54-ADFD-B091D68FD4F1}"
EndProject
Global
	GlobalSection(SolutionConfigurationPlatforms) = preSolution
		Debug|Any CPU = Debug|Any CPU
		Release|Any CPU = Release|Any CPU
	EndGlobalSection
	GlobalSection(ProjectConfigurationPlatforms) = postSolution
		{ACE65540-27C4-4125-98B7-DC859E74C45B}.Debug|Any CPU.ActiveCfg = Debug|Any CPU
		{ACE65540-27C4-4125-98B7-DC859E74C45B}.Debug|Any CPU.Build.0 = Debug|Any CPU
		{ACE65540-27C4-4125-98B7-DC859E74C45B}.Release|Any CPU.ActiveCfg = Release|Any CPU
		{ACE65540-27C4-4125-98B7-DC859E74C45B}.Release|Any CPU.Build.0 = Release|Any CPU
		{60A30782-6C8D-46E0-A7D7-F64BB45929DC}.Debug|Any CPU.ActiveCfg = Debug|Any CPU
		{60A30782-6C8D-46E0-A7D7-F64BB45929DC}.Debug|Any CPU.Build.0 = Debug|Any CPU
		{60A30782-6C8D-46E0-A7D7-F64BB45929DC}.Release|Any CPU.ActiveCfg = Release|Any CPU
		{60A30782-6C8D-46E0-A7D7-F64BB45929DC}.Release|Any CPU.Build.0 = Release|Any CPU
		{7A3ACA81-7D2F-495E-AED8-DFEA8049EADA}.Debug|Any CPU.ActiveCfg = Debug|Any CPU
		{7A3ACA81-7D2F-495E-AED8-DFEA8049EADA}.Debug|Any CPU.Build.0 = Debug|Any CPU
		{7A3ACA81-7D2F-495E-AED8-DFEA8049EADA}.Release|Any CPU.ActiveCfg = Release|Any CPU
		{7A3ACA81-7D2F-495E-AED8-DFEA8049EADA}.Release|Any CPU.Build.0 = Release|Any CPU
		{70606DDE-02E0-4EC4-B40B-8822688DD7C5}.Debug|Any CPU.ActiveCfg = Debug|Any CPU
		{70606DDE-02E0-4EC4-B40B-8822688DD7C5}.Debug|Any CPU.Build.0 = Debug|Any CPU
		{70606DDE-02E0-4EC4-B40B-8822688DD7C5}.Release|Any CPU.ActiveCfg = Release|Any CPU
		{70606DDE-02E0-4EC4-B40B-8822688DD7C5}.Release|Any CPU.Build.0 = Release|Any CPU
		{8F8A738D-7928-4501-B5F7-08BB07E301F6}.Debug|Any CPU.ActiveCfg = Debug|Any CPU
		{8F8A738D-7928-4501-B5F7-08BB07E301F6}.Debug|Any CPU.Build.0 = Debug|Any CPU
		{8F8A738D-7928-4501-B5F7-08BB07E301F6}.Release|Any CPU.ActiveCfg = Release|Any CPU
		{8F8A738D-7928-4501-B5F7-08BB07E301F6}.Release|Any CPU.Build.0 = Release|Any CPU
		{67AEF146-2602-474C-8851-11499C1F470F}.Debug|Any CPU.ActiveCfg = Debug|Any CPU
		{67AEF146-2602-474C-8851-11499C1F470F}.Debug|Any CPU.Build.0 = Debug|Any CPU
		{67AEF146-2602-474C-8851-11499C1F470F}.Release|Any CPU.ActiveCfg = Release|Any CPU
		{67AEF146-2602-474C-8851-11499C1F470F}.Release|Any CPU.Build.0 = Release|Any CPU
		{6459A30F-9225-433D-96B2-76E491D0327F}.Debug|Any CPU.ActiveCfg = Debug|Any CPU
		{6459A30F-9225-433D-96B2-76E491D0327F}.Debug|Any CPU.Build.0 = Debug|Any CPU
		{6459A30F-9225-433D-96B2-76E491D0327F}.Release|Any CPU.ActiveCfg = Release|Any CPU
		{6459A30F-9225-433D-96B2-76E491D0327F}.Release|Any CPU.Build.0 = Release|Any CPU
		{BDFCD50C-A432-4DAD-BFF7-71B2F752DE9D}.Debug|Any CPU.ActiveCfg = Debug|Any CPU
		{BDFCD50C-A432-4DAD-BFF7-71B2F752DE9D}.Debug|Any CPU.Build.0 = Debug|Any CPU
		{BDFCD50C-A432-4DAD-BFF7-71B2F752DE9D}.Release|Any CPU.ActiveCfg = Release|Any CPU
		{BDFCD50C-A432-4DAD-BFF7-71B2F752DE9D}.Release|Any CPU.Build.0 = Release|Any CPU
		{4040FF91-C1F5-42EC-AE3E-A03F32378AF7}.Debug|Any CPU.ActiveCfg = Debug|Any CPU
		{4040FF91-C1F5-42EC-AE3E-A03F32378AF7}.Debug|Any CPU.Build.0 = Debug|Any CPU
		{4040FF91-C1F5-42EC-AE3E-A03F32378AF7}.Release|Any CPU.ActiveCfg = Release|Any CPU
		{4040FF91-C1F5-42EC-AE3E-A03F32378AF7}.Release|Any CPU.Build.0 = Release|Any CPU
		{142175F2-1A50-4092-A42B-9362275D4F83}.Debug|Any CPU.ActiveCfg = Debug|Any CPU
		{142175F2-1A50-4092-A42B-9362275D4F83}.Debug|Any CPU.Build.0 = Debug|Any CPU
		{142175F2-1A50-4092-A42B-9362275D4F83}.Release|Any CPU.ActiveCfg = Release|Any CPU
		{142175F2-1A50-4092-A42B-9362275D4F83}.Release|Any CPU.Build.0 = Release|Any CPU
		{F2AE88BB-A179-4D08-81C1-7C5608D60991}.Debug|Any CPU.ActiveCfg = Debug|Any CPU
		{F2AE88BB-A179-4D08-81C1-7C5608D60991}.Debug|Any CPU.Build.0 = Debug|Any CPU
		{F2AE88BB-A179-4D08-81C1-7C5608D60991}.Release|Any CPU.ActiveCfg = Release|Any CPU
		{F2AE88BB-A179-4D08-81C1-7C5608D60991}.Release|Any CPU.Build.0 = Release|Any CPU
		{E1738E1B-5DC8-406D-845B-0B15A1ABDE66}.Debug|Any CPU.ActiveCfg = Debug|Any CPU
		{E1738E1B-5DC8-406D-845B-0B15A1ABDE66}.Debug|Any CPU.Build.0 = Debug|Any CPU
		{E1738E1B-5DC8-406D-845B-0B15A1ABDE66}.Release|Any CPU.ActiveCfg = Release|Any CPU
		{E1738E1B-5DC8-406D-845B-0B15A1ABDE66}.Release|Any CPU.Build.0 = Release|Any CPU
		{339CFF04-4BD2-475A-A018-1C15AF150E9A}.Debug|Any CPU.ActiveCfg = Debug|Any CPU
		{339CFF04-4BD2-475A-A018-1C15AF150E9A}.Debug|Any CPU.Build.0 = Debug|Any CPU
		{339CFF04-4BD2-475A-A018-1C15AF150E9A}.Release|Any CPU.ActiveCfg = Release|Any CPU
		{339CFF04-4BD2-475A-A018-1C15AF150E9A}.Release|Any CPU.Build.0 = Release|Any CPU
		{C92BAB7C-A99B-4647-BD25-FB2C9A4B9DAE}.Debug|Any CPU.ActiveCfg = Debug|Any CPU
		{C92BAB7C-A99B-4647-BD25-FB2C9A4B9DAE}.Debug|Any CPU.Build.0 = Debug|Any CPU
		{C92BAB7C-A99B-4647-BD25-FB2C9A4B9DAE}.Release|Any CPU.ActiveCfg = Release|Any CPU
		{C92BAB7C-A99B-4647-BD25-FB2C9A4B9DAE}.Release|Any CPU.Build.0 = Release|Any CPU
		{E82CF76E-D3BF-47A4-B2F5-CE2AEBF3BF4F}.Debug|Any CPU.ActiveCfg = Debug|Any CPU
		{E82CF76E-D3BF-47A4-B2F5-CE2AEBF3BF4F}.Debug|Any CPU.Build.0 = Debug|Any CPU
		{E82CF76E-D3BF-47A4-B2F5-CE2AEBF3BF4F}.Release|Any CPU.ActiveCfg = Release|Any CPU
		{E82CF76E-D3BF-47A4-B2F5-CE2AEBF3BF4F}.Release|Any CPU.Build.0 = Release|Any CPU
		{87D30C2B-6425-48AE-BC6F-18835676A532}.Debug|Any CPU.ActiveCfg = Debug|Any CPU
		{87D30C2B-6425-48AE-BC6F-18835676A532}.Debug|Any CPU.Build.0 = Debug|Any CPU
		{87D30C2B-6425-48AE-BC6F-18835676A532}.Release|Any CPU.ActiveCfg = Release|Any CPU
		{87D30C2B-6425-48AE-BC6F-18835676A532}.Release|Any CPU.Build.0 = Release|Any CPU
		{00A3E201-9E51-4B88-9772-FB5366408912}.Debug|Any CPU.ActiveCfg = Debug|Any CPU
		{00A3E201-9E51-4B88-9772-FB5366408912}.Debug|Any CPU.Build.0 = Debug|Any CPU
		{00A3E201-9E51-4B88-9772-FB5366408912}.Release|Any CPU.ActiveCfg = Release|Any CPU
		{00A3E201-9E51-4B88-9772-FB5366408912}.Release|Any CPU.Build.0 = Release|Any CPU
		{63D67CF2-EFBB-4B12-ABA8-A5385B1619E7}.Debug|Any CPU.ActiveCfg = Debug|Any CPU
		{63D67CF2-EFBB-4B12-ABA8-A5385B1619E7}.Debug|Any CPU.Build.0 = Debug|Any CPU
		{63D67CF2-EFBB-4B12-ABA8-A5385B1619E7}.Release|Any CPU.ActiveCfg = Release|Any CPU
		{63D67CF2-EFBB-4B12-ABA8-A5385B1619E7}.Release|Any CPU.Build.0 = Release|Any CPU
		{D1A2DC83-6B0F-4454-9DA7-933772EE7C7B}.Debug|Any CPU.ActiveCfg = Debug|Any CPU
		{D1A2DC83-6B0F-4454-9DA7-933772EE7C7B}.Debug|Any CPU.Build.0 = Debug|Any CPU
		{D1A2DC83-6B0F-4454-9DA7-933772EE7C7B}.Release|Any CPU.ActiveCfg = Release|Any CPU
		{D1A2DC83-6B0F-4454-9DA7-933772EE7C7B}.Release|Any CPU.Build.0 = Release|Any CPU
		{B9ADF5B6-EC0C-4119-9938-A19C33FBE8ED}.Debug|Any CPU.ActiveCfg = Debug|Any CPU
		{B9ADF5B6-EC0C-4119-9938-A19C33FBE8ED}.Debug|Any CPU.Build.0 = Debug|Any CPU
		{B9ADF5B6-EC0C-4119-9938-A19C33FBE8ED}.Release|Any CPU.ActiveCfg = Release|Any CPU
		{B9ADF5B6-EC0C-4119-9938-A19C33FBE8ED}.Release|Any CPU.Build.0 = Release|Any CPU
		{3A35E573-2DF0-48F6-956C-6F6CBB8EA4B2}.Debug|Any CPU.ActiveCfg = Debug|Any CPU
		{3A35E573-2DF0-48F6-956C-6F6CBB8EA4B2}.Debug|Any CPU.Build.0 = Debug|Any CPU
		{3A35E573-2DF0-48F6-956C-6F6CBB8EA4B2}.Release|Any CPU.ActiveCfg = Release|Any CPU
		{3A35E573-2DF0-48F6-956C-6F6CBB8EA4B2}.Release|Any CPU.Build.0 = Release|Any CPU
		{55B40836-FE83-473E-A073-24999A92C81E}.Debug|Any CPU.ActiveCfg = Debug|Any CPU
		{55B40836-FE83-473E-A073-24999A92C81E}.Debug|Any CPU.Build.0 = Debug|Any CPU
		{55B40836-FE83-473E-A073-24999A92C81E}.Release|Any CPU.ActiveCfg = Release|Any CPU
		{55B40836-FE83-473E-A073-24999A92C81E}.Release|Any CPU.Build.0 = Release|Any CPU
		{DA4F4271-3A97-45E5-93EB-E86C61AECAF8}.Debug|Any CPU.ActiveCfg = Debug|Any CPU
		{DA4F4271-3A97-45E5-93EB-E86C61AECAF8}.Debug|Any CPU.Build.0 = Debug|Any CPU
		{DA4F4271-3A97-45E5-93EB-E86C61AECAF8}.Release|Any CPU.ActiveCfg = Release|Any CPU
		{DA4F4271-3A97-45E5-93EB-E86C61AECAF8}.Release|Any CPU.Build.0 = Release|Any CPU
		{F6474E6E-51EB-43D2-A1AE-938E52791B33}.Debug|Any CPU.ActiveCfg = Debug|Any CPU
		{F6474E6E-51EB-43D2-A1AE-938E52791B33}.Debug|Any CPU.Build.0 = Debug|Any CPU
		{F6474E6E-51EB-43D2-A1AE-938E52791B33}.Release|Any CPU.ActiveCfg = Release|Any CPU
		{F6474E6E-51EB-43D2-A1AE-938E52791B33}.Release|Any CPU.Build.0 = Release|Any CPU
		{459DFEAD-9D8F-4ABA-A8FD-E137D4E10777}.Debug|Any CPU.ActiveCfg = Debug|Any CPU
		{459DFEAD-9D8F-4ABA-A8FD-E137D4E10777}.Debug|Any CPU.Build.0 = Debug|Any CPU
		{459DFEAD-9D8F-4ABA-A8FD-E137D4E10777}.Release|Any CPU.ActiveCfg = Release|Any CPU
		{459DFEAD-9D8F-4ABA-A8FD-E137D4E10777}.Release|Any CPU.Build.0 = Release|Any CPU
		{94FE3D89-CF0F-4C0F-8337-DC76E4958892}.Debug|Any CPU.ActiveCfg = Debug|Any CPU
		{94FE3D89-CF0F-4C0F-8337-DC76E4958892}.Debug|Any CPU.Build.0 = Debug|Any CPU
		{94FE3D89-CF0F-4C0F-8337-DC76E4958892}.Release|Any CPU.ActiveCfg = Release|Any CPU
		{94FE3D89-CF0F-4C0F-8337-DC76E4958892}.Release|Any CPU.Build.0 = Release|Any CPU
		{AE7451FA-5665-4081-91C0-96EA11781093}.Debug|Any CPU.ActiveCfg = Debug|Any CPU
		{AE7451FA-5665-4081-91C0-96EA11781093}.Debug|Any CPU.Build.0 = Debug|Any CPU
		{AE7451FA-5665-4081-91C0-96EA11781093}.Release|Any CPU.ActiveCfg = Release|Any CPU
		{AE7451FA-5665-4081-91C0-96EA11781093}.Release|Any CPU.Build.0 = Release|Any CPU
		{907915D5-9842-419A-82FD-169BFA390F23}.Debug|Any CPU.ActiveCfg = Debug|Any CPU
		{907915D5-9842-419A-82FD-169BFA390F23}.Debug|Any CPU.Build.0 = Debug|Any CPU
		{907915D5-9842-419A-82FD-169BFA390F23}.Release|Any CPU.ActiveCfg = Release|Any CPU
		{907915D5-9842-419A-82FD-169BFA390F23}.Release|Any CPU.Build.0 = Release|Any CPU
		{5850BD52-A3CD-4B30-A037-18C44E801069}.Debug|Any CPU.ActiveCfg = Debug|Any CPU
		{5850BD52-A3CD-4B30-A037-18C44E801069}.Debug|Any CPU.Build.0 = Debug|Any CPU
		{5850BD52-A3CD-4B30-A037-18C44E801069}.Release|Any CPU.ActiveCfg = Release|Any CPU
		{5850BD52-A3CD-4B30-A037-18C44E801069}.Release|Any CPU.Build.0 = Release|Any CPU
		{486E16AD-87AB-4E8D-A8E1-D9610CA53E5C}.Debug|Any CPU.ActiveCfg = Debug|Any CPU
		{486E16AD-87AB-4E8D-A8E1-D9610CA53E5C}.Debug|Any CPU.Build.0 = Debug|Any CPU
		{486E16AD-87AB-4E8D-A8E1-D9610CA53E5C}.Release|Any CPU.ActiveCfg = Release|Any CPU
		{486E16AD-87AB-4E8D-A8E1-D9610CA53E5C}.Release|Any CPU.Build.0 = Release|Any CPU
		{14310622-F1D0-4F44-9C74-CD64579696A2}.Debug|Any CPU.ActiveCfg = Debug|Any CPU
		{14310622-F1D0-4F44-9C74-CD64579696A2}.Debug|Any CPU.Build.0 = Debug|Any CPU
		{14310622-F1D0-4F44-9C74-CD64579696A2}.Release|Any CPU.ActiveCfg = Release|Any CPU
		{14310622-F1D0-4F44-9C74-CD64579696A2}.Release|Any CPU.Build.0 = Release|Any CPU
		{2E6F07C8-A230-4FAB-9688-E97A21208FFA}.Debug|Any CPU.ActiveCfg = Debug|Any CPU
		{2E6F07C8-A230-4FAB-9688-E97A21208FFA}.Debug|Any CPU.Build.0 = Debug|Any CPU
		{2E6F07C8-A230-4FAB-9688-E97A21208FFA}.Release|Any CPU.ActiveCfg = Release|Any CPU
		{2E6F07C8-A230-4FAB-9688-E97A21208FFA}.Release|Any CPU.Build.0 = Release|Any CPU
		{0122C54B-EF2A-4F87-9F10-3EFE36916595}.Debug|Any CPU.ActiveCfg = Debug|Any CPU
		{0122C54B-EF2A-4F87-9F10-3EFE36916595}.Debug|Any CPU.Build.0 = Debug|Any CPU
		{0122C54B-EF2A-4F87-9F10-3EFE36916595}.Release|Any CPU.ActiveCfg = Release|Any CPU
		{0122C54B-EF2A-4F87-9F10-3EFE36916595}.Release|Any CPU.Build.0 = Release|Any CPU
		{C11B62D7-20CE-49D5-8924-7CCDA3F5A424}.Debug|Any CPU.ActiveCfg = Debug|Any CPU
		{C11B62D7-20CE-49D5-8924-7CCDA3F5A424}.Debug|Any CPU.Build.0 = Debug|Any CPU
		{C11B62D7-20CE-49D5-8924-7CCDA3F5A424}.Release|Any CPU.ActiveCfg = Release|Any CPU
		{C11B62D7-20CE-49D5-8924-7CCDA3F5A424}.Release|Any CPU.Build.0 = Release|Any CPU
		{F9011E45-3526-48AC-95C8-859C03CB2772}.Debug|Any CPU.ActiveCfg = Debug|Any CPU
		{F9011E45-3526-48AC-95C8-859C03CB2772}.Debug|Any CPU.Build.0 = Debug|Any CPU
		{F9011E45-3526-48AC-95C8-859C03CB2772}.Release|Any CPU.ActiveCfg = Release|Any CPU
		{F9011E45-3526-48AC-95C8-859C03CB2772}.Release|Any CPU.Build.0 = Release|Any CPU
		{41CDE21A-51D8-4F26-8CDB-D0EF1A7CCA9F}.Debug|Any CPU.ActiveCfg = Debug|Any CPU
		{41CDE21A-51D8-4F26-8CDB-D0EF1A7CCA9F}.Debug|Any CPU.Build.0 = Debug|Any CPU
		{41CDE21A-51D8-4F26-8CDB-D0EF1A7CCA9F}.Release|Any CPU.ActiveCfg = Release|Any CPU
		{41CDE21A-51D8-4F26-8CDB-D0EF1A7CCA9F}.Release|Any CPU.Build.0 = Release|Any CPU
		{246D8B73-77A5-4F0F-9A29-DDD285956D45}.Debug|Any CPU.ActiveCfg = Debug|Any CPU
		{246D8B73-77A5-4F0F-9A29-DDD285956D45}.Debug|Any CPU.Build.0 = Debug|Any CPU
		{246D8B73-77A5-4F0F-9A29-DDD285956D45}.Release|Any CPU.ActiveCfg = Release|Any CPU
		{246D8B73-77A5-4F0F-9A29-DDD285956D45}.Release|Any CPU.Build.0 = Release|Any CPU
		{9C95BCFE-D35D-48B9-BA98-183ABF1ED2DB}.Debug|Any CPU.ActiveCfg = Debug|Any CPU
		{9C95BCFE-D35D-48B9-BA98-183ABF1ED2DB}.Debug|Any CPU.Build.0 = Debug|Any CPU
		{9C95BCFE-D35D-48B9-BA98-183ABF1ED2DB}.Release|Any CPU.ActiveCfg = Release|Any CPU
		{9C95BCFE-D35D-48B9-BA98-183ABF1ED2DB}.Release|Any CPU.Build.0 = Release|Any CPU
		{CDAEB62C-30F7-4665-8898-0E9CE64A7030}.Debug|Any CPU.ActiveCfg = Debug|Any CPU
		{CDAEB62C-30F7-4665-8898-0E9CE64A7030}.Debug|Any CPU.Build.0 = Debug|Any CPU
		{CDAEB62C-30F7-4665-8898-0E9CE64A7030}.Release|Any CPU.ActiveCfg = Release|Any CPU
		{CDAEB62C-30F7-4665-8898-0E9CE64A7030}.Release|Any CPU.Build.0 = Release|Any CPU
		{39AC67E8-A0E2-4881-A692-55E66E936920}.Debug|Any CPU.ActiveCfg = Debug|Any CPU
		{39AC67E8-A0E2-4881-A692-55E66E936920}.Debug|Any CPU.Build.0 = Debug|Any CPU
		{39AC67E8-A0E2-4881-A692-55E66E936920}.Release|Any CPU.ActiveCfg = Release|Any CPU
		{39AC67E8-A0E2-4881-A692-55E66E936920}.Release|Any CPU.Build.0 = Release|Any CPU
		{6AD4EE07-58EE-4384-BF81-3E8344B8BE3F}.Debug|Any CPU.ActiveCfg = Debug|Any CPU
		{6AD4EE07-58EE-4384-BF81-3E8344B8BE3F}.Debug|Any CPU.Build.0 = Debug|Any CPU
		{6AD4EE07-58EE-4384-BF81-3E8344B8BE3F}.Release|Any CPU.ActiveCfg = Release|Any CPU
		{6AD4EE07-58EE-4384-BF81-3E8344B8BE3F}.Release|Any CPU.Build.0 = Release|Any CPU
		{4C081673-2130-4754-AB07-4F216C1C1C9E}.Debug|Any CPU.ActiveCfg = Debug|Any CPU
		{4C081673-2130-4754-AB07-4F216C1C1C9E}.Debug|Any CPU.Build.0 = Debug|Any CPU
		{4C081673-2130-4754-AB07-4F216C1C1C9E}.Release|Any CPU.ActiveCfg = Release|Any CPU
		{4C081673-2130-4754-AB07-4F216C1C1C9E}.Release|Any CPU.Build.0 = Release|Any CPU
		{9561DC30-211D-4DA4-9DDF-3AFC88C273C6}.Debug|Any CPU.ActiveCfg = Debug|Any CPU
		{9561DC30-211D-4DA4-9DDF-3AFC88C273C6}.Debug|Any CPU.Build.0 = Debug|Any CPU
		{9561DC30-211D-4DA4-9DDF-3AFC88C273C6}.Release|Any CPU.ActiveCfg = Release|Any CPU
		{9561DC30-211D-4DA4-9DDF-3AFC88C273C6}.Release|Any CPU.Build.0 = Release|Any CPU
		{04782497-D7E1-446D-BA72-8F618879538B}.Debug|Any CPU.ActiveCfg = Debug|Any CPU
		{04782497-D7E1-446D-BA72-8F618879538B}.Debug|Any CPU.Build.0 = Debug|Any CPU
		{04782497-D7E1-446D-BA72-8F618879538B}.Release|Any CPU.ActiveCfg = Release|Any CPU
		{04782497-D7E1-446D-BA72-8F618879538B}.Release|Any CPU.Build.0 = Release|Any CPU
		{62C62EE1-AEBE-463C-9F9B-98C6857D183B}.Debug|Any CPU.ActiveCfg = Debug|Any CPU
		{62C62EE1-AEBE-463C-9F9B-98C6857D183B}.Debug|Any CPU.Build.0 = Debug|Any CPU
		{62C62EE1-AEBE-463C-9F9B-98C6857D183B}.Release|Any CPU.ActiveCfg = Release|Any CPU
		{62C62EE1-AEBE-463C-9F9B-98C6857D183B}.Release|Any CPU.Build.0 = Release|Any CPU
		{188278E5-47F9-4F23-9FFD-BCFA78621DB1}.Debug|Any CPU.ActiveCfg = Debug|Any CPU
		{188278E5-47F9-4F23-9FFD-BCFA78621DB1}.Debug|Any CPU.Build.0 = Debug|Any CPU
		{188278E5-47F9-4F23-9FFD-BCFA78621DB1}.Release|Any CPU.ActiveCfg = Release|Any CPU
		{188278E5-47F9-4F23-9FFD-BCFA78621DB1}.Release|Any CPU.Build.0 = Release|Any CPU
		{1DEAA812-892E-48C2-B35E-E3DDDB4F818C}.Debug|Any CPU.ActiveCfg = Debug|Any CPU
		{1DEAA812-892E-48C2-B35E-E3DDDB4F818C}.Debug|Any CPU.Build.0 = Debug|Any CPU
		{1DEAA812-892E-48C2-B35E-E3DDDB4F818C}.Release|Any CPU.ActiveCfg = Release|Any CPU
		{1DEAA812-892E-48C2-B35E-E3DDDB4F818C}.Release|Any CPU.Build.0 = Release|Any CPU
		{B4359930-D7F8-45DF-A242-35224B0C63C8}.Debug|Any CPU.ActiveCfg = Debug|Any CPU
		{B4359930-D7F8-45DF-A242-35224B0C63C8}.Debug|Any CPU.Build.0 = Debug|Any CPU
		{B4359930-D7F8-45DF-A242-35224B0C63C8}.Release|Any CPU.ActiveCfg = Release|Any CPU
		{B4359930-D7F8-45DF-A242-35224B0C63C8}.Release|Any CPU.Build.0 = Release|Any CPU
		{FD93B413-53E7-46CC-9C69-7957E2E6813A}.Debug|Any CPU.ActiveCfg = Debug|Any CPU
		{FD93B413-53E7-46CC-9C69-7957E2E6813A}.Debug|Any CPU.Build.0 = Debug|Any CPU
		{FD93B413-53E7-46CC-9C69-7957E2E6813A}.Release|Any CPU.ActiveCfg = Release|Any CPU
		{FD93B413-53E7-46CC-9C69-7957E2E6813A}.Release|Any CPU.Build.0 = Release|Any CPU
		{490A85A9-2E50-4BE7-B9C9-5D639F601356}.Debug|Any CPU.ActiveCfg = Debug|Any CPU
		{490A85A9-2E50-4BE7-B9C9-5D639F601356}.Debug|Any CPU.Build.0 = Debug|Any CPU
		{490A85A9-2E50-4BE7-B9C9-5D639F601356}.Release|Any CPU.ActiveCfg = Release|Any CPU
		{490A85A9-2E50-4BE7-B9C9-5D639F601356}.Release|Any CPU.Build.0 = Release|Any CPU
		{2EA8771D-A79F-46FD-AB49-B83E1E16E8B9}.Debug|Any CPU.ActiveCfg = Debug|Any CPU
		{2EA8771D-A79F-46FD-AB49-B83E1E16E8B9}.Debug|Any CPU.Build.0 = Debug|Any CPU
		{2EA8771D-A79F-46FD-AB49-B83E1E16E8B9}.Release|Any CPU.ActiveCfg = Release|Any CPU
		{2EA8771D-A79F-46FD-AB49-B83E1E16E8B9}.Release|Any CPU.Build.0 = Release|Any CPU
		{19C99ED1-681D-42EB-8CEF-F34B43814DC6}.Debug|Any CPU.ActiveCfg = Debug|Any CPU
		{19C99ED1-681D-42EB-8CEF-F34B43814DC6}.Debug|Any CPU.Build.0 = Debug|Any CPU
		{19C99ED1-681D-42EB-8CEF-F34B43814DC6}.Release|Any CPU.ActiveCfg = Release|Any CPU
		{19C99ED1-681D-42EB-8CEF-F34B43814DC6}.Release|Any CPU.Build.0 = Release|Any CPU
		{FA9B7871-3845-46BB-A395-AB41A8A33DC6}.Debug|Any CPU.ActiveCfg = Debug|Any CPU
		{FA9B7871-3845-46BB-A395-AB41A8A33DC6}.Debug|Any CPU.Build.0 = Debug|Any CPU
		{FA9B7871-3845-46BB-A395-AB41A8A33DC6}.Release|Any CPU.ActiveCfg = Release|Any CPU
		{FA9B7871-3845-46BB-A395-AB41A8A33DC6}.Release|Any CPU.Build.0 = Release|Any CPU
		{C54D0E97-8A12-4A15-AB25-8E94D8EB0ED0}.Debug|Any CPU.ActiveCfg = Debug|Any CPU
		{C54D0E97-8A12-4A15-AB25-8E94D8EB0ED0}.Debug|Any CPU.Build.0 = Debug|Any CPU
		{C54D0E97-8A12-4A15-AB25-8E94D8EB0ED0}.Release|Any CPU.ActiveCfg = Release|Any CPU
		{C54D0E97-8A12-4A15-AB25-8E94D8EB0ED0}.Release|Any CPU.Build.0 = Release|Any CPU
		{771E877C-5A68-49D8-B599-2E58F1967A65}.Debug|Any CPU.ActiveCfg = Debug|Any CPU
		{771E877C-5A68-49D8-B599-2E58F1967A65}.Debug|Any CPU.Build.0 = Debug|Any CPU
		{771E877C-5A68-49D8-B599-2E58F1967A65}.Release|Any CPU.ActiveCfg = Release|Any CPU
		{771E877C-5A68-49D8-B599-2E58F1967A65}.Release|Any CPU.Build.0 = Release|Any CPU
		{06CAA732-8108-4C61-852B-AE7EA0B3C00F}.Debug|Any CPU.ActiveCfg = Debug|Any CPU
		{06CAA732-8108-4C61-852B-AE7EA0B3C00F}.Debug|Any CPU.Build.0 = Debug|Any CPU
		{06CAA732-8108-4C61-852B-AE7EA0B3C00F}.Release|Any CPU.ActiveCfg = Release|Any CPU
		{06CAA732-8108-4C61-852B-AE7EA0B3C00F}.Release|Any CPU.Build.0 = Release|Any CPU
		{6AFCC969-8AA8-4C8C-9D42-6BE41D54998E}.Debug|Any CPU.ActiveCfg = Debug|Any CPU
		{6AFCC969-8AA8-4C8C-9D42-6BE41D54998E}.Debug|Any CPU.Build.0 = Debug|Any CPU
		{6AFCC969-8AA8-4C8C-9D42-6BE41D54998E}.Release|Any CPU.ActiveCfg = Release|Any CPU
		{6AFCC969-8AA8-4C8C-9D42-6BE41D54998E}.Release|Any CPU.Build.0 = Release|Any CPU
		{039A7E36-0BF7-452B-99CE-DC7B7264DCA3}.Debug|Any CPU.ActiveCfg = Debug|Any CPU
		{039A7E36-0BF7-452B-99CE-DC7B7264DCA3}.Debug|Any CPU.Build.0 = Debug|Any CPU
		{039A7E36-0BF7-452B-99CE-DC7B7264DCA3}.Release|Any CPU.ActiveCfg = Release|Any CPU
		{039A7E36-0BF7-452B-99CE-DC7B7264DCA3}.Release|Any CPU.Build.0 = Release|Any CPU
		{022F8F80-312F-49DD-9327-2BAFB1B11152}.Debug|Any CPU.ActiveCfg = Debug|Any CPU
		{022F8F80-312F-49DD-9327-2BAFB1B11152}.Debug|Any CPU.Build.0 = Debug|Any CPU
		{022F8F80-312F-49DD-9327-2BAFB1B11152}.Release|Any CPU.ActiveCfg = Release|Any CPU
		{022F8F80-312F-49DD-9327-2BAFB1B11152}.Release|Any CPU.Build.0 = Release|Any CPU
		{AB9D0199-CD94-4A54-ADFD-B091D68FD4F1}.Debug|Any CPU.ActiveCfg = Debug|Any CPU
		{AB9D0199-CD94-4A54-ADFD-B091D68FD4F1}.Debug|Any CPU.Build.0 = Debug|Any CPU
		{AB9D0199-CD94-4A54-ADFD-B091D68FD4F1}.Release|Any CPU.ActiveCfg = Release|Any CPU
		{AB9D0199-CD94-4A54-ADFD-B091D68FD4F1}.Release|Any CPU.Build.0 = Release|Any CPU
	EndGlobalSection
EndGlobal
